
Microsoft Visual Studio Solution File, Format Version 12.00
# Visual Studio Version 17
VisualStudioVersion = 17.3.32929.385
MinimumVisualStudioVersion = 10.0.40219.1
Project("{FAE04EC0-301F-11D3-BF4B-00C04F79EFBC}") = "Server", "ClientServerAppQuickSampleForNUFT\Server.csproj", "{DADA7207-D389-42F4-8362-59486385D67A}"
EndProject
Project("{FAE04EC0-301F-11D3-BF4B-00C04F79EFBC}") = "Client", "Client\Client.csproj", "{3A084709-19F1-4757-B873-67C7EC96FEBA}"
EndProject
Global
	GlobalSection(SolutionConfigurationPlatforms) = preSolution
		Debug|Any CPU = Debug|Any CPU
		Release|Any CPU = Release|Any CPU
	EndGlobalSection
	GlobalSection(ProjectConfigurationPlatforms) = postSolution
		{DADA7207-D389-42F4-8362-59486385D67A}.Debug|Any CPU.ActiveCfg = Debug|Any CPU
		{DADA7207-D389-42F4-8362-59486385D67A}.Debug|Any CPU.Build.0 = Debug|Any CPU
		{DADA7207-D389-42F4-8362-59486385D67A}.Release|Any CPU.ActiveCfg = Release|Any CPU
		{DADA7207-D389-42F4-8362-59486385D67A}.Release|Any CPU.Build.0 = Release|Any CPU
		{3A084709-19F1-4757-B873-67C7EC96FEBA}.Debug|Any CPU.ActiveCfg = Debug|Any CPU
		{3A084709-19F1-4757-B873-67C7EC96FEBA}.Debug|Any CPU.Build.0 = Debug|Any CPU
		{3A084709-19F1-4757-B873-67C7EC96FEBA}.Release|Any CPU.ActiveCfg = Release|Any CPU
		{3A084709-19F1-4757-B873-67C7EC96FEBA}.Release|Any CPU.Build.0 = Release|Any CPU
	EndGlobalSection
	GlobalSection(SolutionProperties) = preSolution
		HideSolutionNode = FALSE
	EndGlobalSection
	GlobalSection(ExtensibilityGlobals) = postSolution
		SolutionGuid = {D49F11A7-618D-4177-9963-C626286ECB64}
	EndGlobalSection
EndGlobal
